
Microsoft Visual Studio Solution File, Format Version 12.00
# Visual Studio 14
VisualStudioVersion = 14.0.25420.1
MinimumVisualStudioVersion = 10.0.40219.1
Project("{2150E333-8FDC-42A3-9474-1A3956D46DE8}") = "Engine", "Engine", "{1B9FBCF2-6D90-400D-9E40-F351DFEE41CA}"
EndProject
Project("{2150E333-8FDC-42A3-9474-1A3956D46DE8}") = "Games", "Games", "{DDE7F5FA-364A-4830-9F5D-AA63572FCBBD}"
EndProject
Project("{8BC9CEB8-8B4A-11D0-8D11-00A0C91BC942}") = "UE4", "Intermediate\ProjectFiles\UE4.vcxproj", "{668DDA4F-38B5-4BC6-A774-07ED4E116024}"
EndProject
Project("{8BC9CEB8-8B4A-11D0-8D11-00A0C91BC942}") = "RPG_Framework", "Intermediate\ProjectFiles\RPG_Framework.vcxproj", "{F6D2B56F-F4C5-4094-809D-F4F4E9881597}"
EndProject
Global
	GlobalSection(SolutionConfigurationPlatforms) = preSolution
		DebugGame Editor|HTML5 = DebugGame Editor|HTML5
		DebugGame Editor|IOS = DebugGame Editor|IOS
		DebugGame Editor|Win32 = DebugGame Editor|Win32
		DebugGame Editor|Win64 = DebugGame Editor|Win64
		DebugGame|HTML5 = DebugGame|HTML5
		DebugGame|IOS = DebugGame|IOS
		DebugGame|Win32 = DebugGame|Win32
		DebugGame|Win64 = DebugGame|Win64
		Development Editor|HTML5 = Development Editor|HTML5
		Development Editor|IOS = Development Editor|IOS
		Development Editor|Win32 = Development Editor|Win32
		Development Editor|Win64 = Development Editor|Win64
		Development|HTML5 = Development|HTML5
		Development|IOS = Development|IOS
		Development|Win32 = Development|Win32
		Development|Win64 = Development|Win64
		Shipping|HTML5 = Shipping|HTML5
		Shipping|IOS = Shipping|IOS
		Shipping|Win32 = Shipping|Win32
		Shipping|Win64 = Shipping|Win64
	EndGlobalSection
	GlobalSection(ProjectConfigurationPlatforms) = postSolution
		{668DDA4F-38B5-4BC6-A774-07ED4E116024}.DebugGame Editor|HTML5.ActiveCfg = BuiltWithUnrealBuildTool|Win32
		{668DDA4F-38B5-4BC6-A774-07ED4E116024}.DebugGame Editor|HTML5.Build.0 = BuiltWithUnrealBuildTool|Win32
		{668DDA4F-38B5-4BC6-A774-07ED4E116024}.DebugGame Editor|IOS.ActiveCfg = BuiltWithUnrealBuildTool|Win32
		{668DDA4F-38B5-4BC6-A774-07ED4E116024}.DebugGame Editor|IOS.Build.0 = BuiltWithUnrealBuildTool|Win32
		{668DDA4F-38B5-4BC6-A774-07ED4E116024}.DebugGame Editor|Win32.ActiveCfg = BuiltWithUnrealBuildTool|Win32
		{668DDA4F-38B5-4BC6-A774-07ED4E116024}.DebugGame Editor|Win32.Build.0 = BuiltWithUnrealBuildTool|Win32
		{668DDA4F-38B5-4BC6-A774-07ED4E116024}.DebugGame Editor|Win64.ActiveCfg = BuiltWithUnrealBuildTool|Win32
		{668DDA4F-38B5-4BC6-A774-07ED4E116024}.DebugGame Editor|Win64.Build.0 = BuiltWithUnrealBuildTool|Win32
		{668DDA4F-38B5-4BC6-A774-07ED4E116024}.DebugGame|HTML5.ActiveCfg = BuiltWithUnrealBuildTool|Win32
		{668DDA4F-38B5-4BC6-A774-07ED4E116024}.DebugGame|HTML5.Build.0 = BuiltWithUnrealBuildTool|Win32
		{668DDA4F-38B5-4BC6-A774-07ED4E116024}.DebugGame|IOS.ActiveCfg = BuiltWithUnrealBuildTool|Win32
		{668DDA4F-38B5-4BC6-A774-07ED4E116024}.DebugGame|IOS.Build.0 = BuiltWithUnrealBuildTool|Win32
		{668DDA4F-38B5-4BC6-A774-07ED4E116024}.DebugGame|Win32.ActiveCfg = BuiltWithUnrealBuildTool|Win32
		{668DDA4F-38B5-4BC6-A774-07ED4E116024}.DebugGame|Win32.Build.0 = BuiltWithUnrealBuildTool|Win32
		{668DDA4F-38B5-4BC6-A774-07ED4E116024}.DebugGame|Win64.ActiveCfg = BuiltWithUnrealBuildTool|Win32
		{668DDA4F-38B5-4BC6-A774-07ED4E116024}.DebugGame|Win64.Build.0 = BuiltWithUnrealBuildTool|Win32
		{668DDA4F-38B5-4BC6-A774-07ED4E116024}.Development Editor|HTML5.ActiveCfg = BuiltWithUnrealBuildTool|Win32
		{668DDA4F-38B5-4BC6-A774-07ED4E116024}.Development Editor|HTML5.Build.0 = BuiltWithUnrealBuildTool|Win32
		{668DDA4F-38B5-4BC6-A774-07ED4E116024}.Development Editor|IOS.ActiveCfg = BuiltWithUnrealBuildTool|Win32
		{668DDA4F-38B5-4BC6-A774-07ED4E116024}.Development Editor|IOS.Build.0 = BuiltWithUnrealBuildTool|Win32
		{668DDA4F-38B5-4BC6-A774-07ED4E116024}.Development Editor|Win32.ActiveCfg = BuiltWithUnrealBuildTool|Win32
		{668DDA4F-38B5-4BC6-A774-07ED4E116024}.Development Editor|Win32.Build.0 = BuiltWithUnrealBuildTool|Win32
		{668DDA4F-38B5-4BC6-A774-07ED4E116024}.Development Editor|Win64.ActiveCfg = BuiltWithUnrealBuildTool|Win32
		{668DDA4F-38B5-4BC6-A774-07ED4E116024}.Development Editor|Win64.Build.0 = BuiltWithUnrealBuildTool|Win32
		{668DDA4F-38B5-4BC6-A774-07ED4E116024}.Development|HTML5.ActiveCfg = BuiltWithUnrealBuildTool|Win32
		{668DDA4F-38B5-4BC6-A774-07ED4E116024}.Development|HTML5.Build.0 = BuiltWithUnrealBuildTool|Win32
		{668DDA4F-38B5-4BC6-A774-07ED4E116024}.Development|IOS.ActiveCfg = BuiltWithUnrealBuildTool|Win32
		{668DDA4F-38B5-4BC6-A774-07ED4E116024}.Development|IOS.Build.0 = BuiltWithUnrealBuildTool|Win32
		{668DDA4F-38B5-4BC6-A774-07ED4E116024}.Development|Win32.ActiveCfg = BuiltWithUnrealBuildTool|Win32
		{668DDA4F-38B5-4BC6-A774-07ED4E116024}.Development|Win32.Build.0 = BuiltWithUnrealBuildTool|Win32
		{668DDA4F-38B5-4BC6-A774-07ED4E116024}.Development|Win64.ActiveCfg = BuiltWithUnrealBuildTool|Win32
		{668DDA4F-38B5-4BC6-A774-07ED4E116024}.Development|Win64.Build.0 = BuiltWithUnrealBuildTool|Win32
		{668DDA4F-38B5-4BC6-A774-07ED4E116024}.Shipping|HTML5.ActiveCfg = BuiltWithUnrealBuildTool|Win32
		{668DDA4F-38B5-4BC6-A774-07ED4E116024}.Shipping|HTML5.Build.0 = BuiltWithUnrealBuildTool|Win32
		{668DDA4F-38B5-4BC6-A774-07ED4E116024}.Shipping|IOS.ActiveCfg = BuiltWithUnrealBuildTool|Win32
		{668DDA4F-38B5-4BC6-A774-07ED4E116024}.Shipping|IOS.Build.0 = BuiltWithUnrealBuildTool|Win32
		{668DDA4F-38B5-4BC6-A774-07ED4E116024}.Shipping|Win32.ActiveCfg = BuiltWithUnrealBuildTool|Win32
		{668DDA4F-38B5-4BC6-A774-07ED4E116024}.Shipping|Win32.Build.0 = BuiltWithUnrealBuildTool|Win32
		{668DDA4F-38B5-4BC6-A774-07ED4E116024}.Shipping|Win64.ActiveCfg = BuiltWithUnrealBuildTool|Win32
		{668DDA4F-38B5-4BC6-A774-07ED4E116024}.Shipping|Win64.Build.0 = BuiltWithUnrealBuildTool|Win32
		{F6D2B56F-F4C5-4094-809D-F4F4E9881597}.DebugGame Editor|HTML5.ActiveCfg = HTML5_DebugGame_Editor|Win32
		{F6D2B56F-F4C5-4094-809D-F4F4E9881597}.DebugGame Editor|IOS.ActiveCfg = IOS_DebugGame_Editor|Win32
		{F6D2B56F-F4C5-4094-809D-F4F4E9881597}.DebugGame Editor|Win32.ActiveCfg = DebugGame_Editor|Win32
		{F6D2B56F-F4C5-4094-809D-F4F4E9881597}.DebugGame Editor|Win64.ActiveCfg = DebugGame_Editor|x64
		{F6D2B56F-F4C5-4094-809D-F4F4E9881597}.DebugGame Editor|Win64.Build.0 = DebugGame_Editor|x64
		{F6D2B56F-F4C5-4094-809D-F4F4E9881597}.DebugGame|HTML5.ActiveCfg = HTML5_DebugGame_Game|Win32
		{F6D2B56F-F4C5-4094-809D-F4F4E9881597}.DebugGame|HTML5.Build.0 = HTML5_DebugGame_Game|Win32
		{F6D2B56F-F4C5-4094-809D-F4F4E9881597}.DebugGame|IOS.ActiveCfg = IOS_DebugGame_Game|Win32
		{F6D2B56F-F4C5-4094-809D-F4F4E9881597}.DebugGame|IOS.Build.0 = IOS_DebugGame_Game|Win32
		{F6D2B56F-F4C5-4094-809D-F4F4E9881597}.DebugGame|Win32.ActiveCfg = DebugGame_Game|Win32
		{F6D2B56F-F4C5-4094-809D-F4F4E9881597}.DebugGame|Win32.Build.0 = DebugGame_Game|Win32
		{F6D2B56F-F4C5-4094-809D-F4F4E9881597}.DebugGame|Win64.ActiveCfg = DebugGame_Game|x64
		{F6D2B56F-F4C5-4094-809D-F4F4E9881597}.DebugGame|Win64.Build.0 = DebugGame_Game|x64
		{F6D2B56F-F4C5-4094-809D-F4F4E9881597}.Development Editor|HTML5.ActiveCfg = HTML5_Development_Editor|Win32
		{F6D2B56F-F4C5-4094-809D-F4F4E9881597}.Development Editor|IOS.ActiveCfg = IOS_Development_Editor|Win32
		{F6D2B56F-F4C5-4094-809D-F4F4E9881597}.Development Editor|Win32.ActiveCfg = Development_Editor|Win32
		{F6D2B56F-F4C5-4094-809D-F4F4E9881597}.Development Editor|Win64.ActiveCfg = Development_Editor|x64
		{F6D2B56F-F4C5-4094-809D-F4F4E9881597}.Development Editor|Win64.Build.0 = Development_Editor|x64
		{F6D2B56F-F4C5-4094-809D-F4F4E9881597}.Development|HTML5.ActiveCfg = HTML5_Development_Game|Win32
		{F6D2B56F-F4C5-4094-809D-F4F4E9881597}.Development|HTML5.Build.0 = HTML5_Development_Game|Win32
		{F6D2B56F-F4C5-4094-809D-F4F4E9881597}.Development|IOS.ActiveCfg = IOS_Development_Game|Win32
		{F6D2B56F-F4C5-4094-809D-F4F4E9881597}.Development|IOS.Build.0 = IOS_Development_Game|Win32
		{F6D2B56F-F4C5-4094-809D-F4F4E9881597}.Development|Win32.ActiveCfg = Development_Game|Win32
		{F6D2B56F-F4C5-4094-809D-F4F4E9881597}.Development|Win32.Build.0 = Development_Game|Win32
		{F6D2B56F-F4C5-4094-809D-F4F4E9881597}.Development|Win64.ActiveCfg = Development_Game|x64
		{F6D2B56F-F4C5-4094-809D-F4F4E9881597}.Development|Win64.Build.0 = Development_Game|x64
		{F6D2B56F-F4C5-4094-809D-F4F4E9881597}.Shipping|HTML5.ActiveCfg = HTML5_Shipping_Game|Win32
		{F6D2B56F-F4C5-4094-809D-F4F4E9881597}.Shipping|HTML5.Build.0 = HTML5_Shipping_Game|Win32
		{F6D2B56F-F4C5-4094-809D-F4F4E9881597}.Shipping|IOS.ActiveCfg = IOS_Shipping_Game|Win32
		{F6D2B56F-F4C5-4094-809D-F4F4E9881597}.Shipping|IOS.Build.0 = IOS_Shipping_Game|Win32
		{F6D2B56F-F4C5-4094-809D-F4F4E9881597}.Shipping|Win32.ActiveCfg = Shipping_Game|Win32
		{F6D2B56F-F4C5-4094-809D-F4F4E9881597}.Shipping|Win32.Build.0 = Shipping_Game|Win32
		{F6D2B56F-F4C5-4094-809D-F4F4E9881597}.Shipping|Win64.ActiveCfg = Shipping_Game|x64
		{F6D2B56F-F4C5-4094-809D-F4F4E9881597}.Shipping|Win64.Build.0 = Shipping_Game|x64
	EndGlobalSection
	GlobalSection(SolutionProperties) = preSolution
		HideSolutionNode = FALSE
	EndGlobalSection
	GlobalSection(NestedProjects) = preSolution
		{668DDA4F-38B5-4BC6-A774-07ED4E116024} = {1B9FBCF2-6D90-400D-9E40-F351DFEE41CA}
		{F6D2B56F-F4C5-4094-809D-F4F4E9881597} = {DDE7F5FA-364A-4830-9F5D-AA63572FCBBD}
	EndGlobalSection
EndGlobal
